<?xml version="1.0" encoding="utf-8"?>
<Project ToolsVersion="4.0" xmlns="http://schemas.microsoft.com/developer/msbuild/2003">
  <ItemGroup>
    <ClCompile Include="main.cpp" />
    <ClCompile Include="Boost.cpp">
      <Filter>Play\Items</Filter>
    </ClCompile>
    <ClCompile Include="Player.cpp">
      <Filter>Play\Player</Filter>
    </ClCompile>
    <ClCompile Include="Room.h">
      <Filter>Play\Map</Filter>
    </ClCompile>
    <ClCompile Include="Map.cpp">
      <Filter>Play\Map</Filter>
    </ClCompile>
    <ClCompile Include="Weapon.cpp">
      <Filter>Play\Items\Weapons</Filter>
    </ClCompile>
    <ClCompile Include="Enemies.cpp">
      <Filter>Play\Enemies</Filter>
    </ClCompile>
    <ClCompile Include="Room.cpp">
      <Filter>Play\Map</Filter>
    </ClCompile>
    <ClCompile Include="Level.cpp">
      <Filter>Play\Levels</Filter>
    </ClCompile>
    <ClCompile Include="Levels.cpp">
      <Filter>Play\Levels</Filter>
    </ClCompile>
    <ClCompile Include="Heart.cpp">
      <Filter>Play\Items</Filter>
    </ClCompile>
    <ClCompile Include="Key.cpp">
      <Filter>Play\Items</Filter>
    </ClCompile>
  </ItemGroup>
  <ItemGroup>
    <ClInclude Include="Item.hpp">
      <Filter>Play\Items</Filter>
    </ClInclude>
    <ClInclude Include="Boost.h">
      <Filter>Play\Items</Filter>
    </ClInclude>
    <ClInclude Include="Player.h">
      <Filter>Play\Player</Filter>
    </ClInclude>
    <ClInclude Include="Map.h">
      <Filter>Play\Map</Filter>
    </ClInclude>
    <ClInclude Include="Logger.hpp">
      <Filter>Util</Filter>
    </ClInclude>
    <ClInclude Include="VeMa.hpp">
      <Filter>Util</Filter>
    </ClInclude>
    <ClInclude Include="Debug.h">
      <Filter>Util</Filter>
    </ClInclude>
    <ClInclude Include="Minimap.hpp">
      <Filter>GUI</Filter>
    </ClInclude>
    <ClInclude Include="Tree.hpp">
      <Filter>Util</Filter>
    </ClInclude>
    <ClInclude Include="GUI.hpp">
      <Filter>GUI</Filter>
    </ClInclude>
    <ClInclude Include="Widget.hpp">
      <Filter>GUI</Filter>
    </ClInclude>
    <ClInclude Include="FpsCounter.hpp">
      <Filter>GUI</Filter>
    </ClInclude>
    <ClInclude Include="Animation.hpp">
      <Filter>Play\Others</Filter>
    </ClInclude>
    <ClInclude Include="Cursor.hpp">
      <Filter>Play\Others</Filter>
    </ClInclude>
    <ClInclude Include="Ephemereal.hpp">
      <Filter>Play\Others</Filter>
    </ClInclude>
    <ClInclude Include="Direction.hpp">
      <Filter>Util</Filter>
    </ClInclude>
    <ClInclude Include="Random.hpp">
      <Filter>Util</Filter>
    </ClInclude>
    <ClInclude Include="ResManager.hpp">
      <Filter>Util</Filter>
    </ClInclude>
    <ClInclude Include="Items.hpp">
      <Filter>Play\Items</Filter>
    </ClInclude>
    <ClInclude Include="AmmoCounter.hpp">
      <Filter>GUI</Filter>
    </ClInclude>
    <ClInclude Include="Pistol.hpp">
      <Filter>Play\Items\Weapons</Filter>
    </ClInclude>
    <ClInclude Include="Shotgun.hpp">
      <Filter>Play\Items\Weapons</Filter>
    </ClInclude>
    <ClInclude Include="SMG.hpp">
      <Filter>Play\Items\Weapons</Filter>
    </ClInclude>
    <ClInclude Include="Enemy.hpp">
      <Filter>Play\Enemies</Filter>
    </ClInclude>
    <ClInclude Include="Weapon.h">
      <Filter>Play\Items\Weapons</Filter>
    </ClInclude>
    <ClInclude Include="Enemies.h">
      <Filter>Play\Enemies</Filter>
    </ClInclude>
    <ClInclude Include="Shadow.hpp">
      <Filter>Play\Enemies</Filter>
    </ClInclude>
    <ClInclude Include="Bullets.hpp">
      <Filter>Play\Items\Weapons</Filter>
    </ClInclude>
    <ClInclude Include="Camera.hpp">
      <Filter>Util</Filter>
    </ClInclude>
    <ClInclude Include="BoostCounter.hpp">
      <Filter>GUI</Filter>
    </ClInclude>
    <ClInclude Include="HPcounter.hpp">
      <Filter>GUI</Filter>
    </ClInclude>
    <ClInclude Include="Level.h">
      <Filter>Play\Levels</Filter>
    </ClInclude>
    <ClInclude Include="Levels.h">
      <Filter>Play\Levels</Filter>
    </ClInclude>
    <ClInclude Include="Sequence.hpp">
      <Filter>Sequences</Filter>
    </ClInclude>
    <ClInclude Include="Board.hpp">
      <Filter>Sequences</Filter>
    </ClInclude>
    <ClInclude Include="StartScreen.hpp">
      <Filter>Menus</Filter>
    </ClInclude>
    <ClInclude Include="Button.hpp">
      <Filter>Menus</Filter>
    </ClInclude>
    <ClInclude Include="Game.hpp" />
    <ClInclude Include="PauseScreen.hpp">
      <Filter>Menus</Filter>
    </ClInclude>
    <ClInclude Include="MenuCursor.hpp">
      <Filter>Menus</Filter>
    </ClInclude>
    <ClInclude Include="Heart.h">
      <Filter>Play\Items</Filter>
    </ClInclude>
    <ClInclude Include="Key.h">
      <Filter>Play\Items</Filter>
    </ClInclude>
    <ClInclude Include="KeyCounter.hpp">
      <Filter>GUI</Filter>
    </ClInclude>
    <ClInclude Include="TutorialPanel.hpp">
      <Filter>GUI</Filter>
    </ClInclude>
    <ClInclude Include="GameOverScreen.hpp">
      <Filter>Menus</Filter>
    </ClInclude>
    <ClInclude Include="CreditScreen.hpp">
      <Filter>Menus</Filter>
    </ClInclude>
  </ItemGroup>
  <ItemGroup>
    <Filter Include="Util">
      <UniqueIdentifier>{87bc0f02-b9e3-4f42-97a5-fa4ca1dcbc00}</UniqueIdentifier>
    </Filter>
    <Filter Include="GUI">
      <UniqueIdentifier>{8c6b310a-4cda-43c9-a083-50a1015e4e89}</UniqueIdentifier>
    </Filter>
    <Filter Include="Shaders">
      <UniqueIdentifier>{642cf0a8-0a17-4ca3-b5fd-e44bc3cf84ce}</UniqueIdentifier>
    </Filter>
    <Filter Include="Play">
      <UniqueIdentifier>{28c43da6-3740-4cd6-ad48-016d299ad3e5}</UniqueIdentifier>
    </Filter>
    <Filter Include="Play\Map">
      <UniqueIdentifier>{393649a1-4a6a-49d6-a6d4-f47c910c0bb2}</UniqueIdentifier>
    </Filter>
    <Filter Include="Play\Player">
      <UniqueIdentifier>{d1e328eb-9201-4804-a60c-7d346de9b40f}</UniqueIdentifier>
    </Filter>
    <Filter Include="Play\Items">
      <UniqueIdentifier>{1ec614b9-3a4d-4c67-9d41-9ea8a281259f}</UniqueIdentifier>
    </Filter>
    <Filter Include="Play\Items\Weapons">
      <UniqueIdentifier>{9e45e908-461f-48ae-9151-ddbeccbe5a3b}</UniqueIdentifier>
    </Filter>
    <Filter Include="Play\Others">
      <UniqueIdentifier>{ab2a8e7a-7e83-4154-92f5-e2683a906578}</UniqueIdentifier>
    </Filter>
    <Filter Include="Play\Enemies">
      <UniqueIdentifier>{18f4d19b-b8f0-43b5-aa50-89c373dc661e}</UniqueIdentifier>
    </Filter>
    <Filter Include="Play\Levels">
      <UniqueIdentifier>{3dee9c40-da8e-4dec-b3e9-6574d881b30f}</UniqueIdentifier>
    </Filter>
    <Filter Include="Sequences">
      <UniqueIdentifier>{9d2cc554-6ee2-4fff-b058-639947dd390b}</UniqueIdentifier>
    </Filter>
    <Filter Include="Menus">
      <UniqueIdentifier>{894a9753-4249-4b6c-b0b7-c89f6c450ad9}</UniqueIdentifier>
    </Filter>
  </ItemGroup>
  <ItemGroup>
    <None Include="assets\shaders\room.frag">
      <Filter>Shaders</Filter>
    </None>
    <None Include="assets\shaders\room.vert">
      <Filter>Shaders</Filter>
    </None>
  </ItemGroup>
</Project>